{
  "requires": true,
  "lockfileVersion": 1,
  "dependencies": {
    "react-slide-toggle": {
      "version": "0.3.5",
      "resolved": "https://registry.npmjs.org/react-slide-toggle/-/react-slide-toggle-0.3.5.tgz",
      "integrity": "sha512-dV2PkLGiE7m66Ohk36jLqaaneUYc0ZpQe/ZmYEU3+7TVXfZwddimFyjeDfVzPhlqDcpK1yfKJ8NN7aIyR9bOTA=="
    }
  }
}
